// !$*UTF8*$!
{
	archiveVersion = 1;
	classes = {
	};
	objectVersion = 55;
	objects = {

/* Begin PBXBuildFile section */
		2209D63B27980E8E00329FD7 /* ARViewContainer.swift in Sources */ = {isa = PBXBuildFile; fileRef = 2209D63A27980E8E00329FD7 /* ARViewContainer.swift */; };
		2209D6432798141E00329FD7 /* SpeakerPHASEPlayer.swift in Sources */ = {isa = PBXBuildFile; fileRef = 2209D6422798141E00329FD7 /* SpeakerPHASEPlayer.swift */; };
		2209D64B27983A3600329FD7 /* Speaker.swift in Sources */ = {isa = PBXBuildFile; fileRef = 2209D64727983A3600329FD7 /* Speaker.swift */; };
		2209D64D27983A3600329FD7 /* SpeakerVisualiser.swift in Sources */ = {isa = PBXBuildFile; fileRef = 2209D64927983A3600329FD7 /* SpeakerVisualiser.swift */; };
		2246D0FB279849F2007EE896 /* SpeakerPlayer.swift in Sources */ = {isa = PBXBuildFile; fileRef = 2246D0FA279849F2007EE896 /* SpeakerPlayer.swift */; };
		2246D0FD27984C57007EE896 /* SpeakerRealityKitPlayer.swift in Sources */ = {isa = PBXBuildFile; fileRef = 2246D0FC27984C57007EE896 /* SpeakerRealityKitPlayer.swift */; };
		228B90AF27A2A56700A37074 /* Localizable.strings in Resources */ = {isa = PBXBuildFile; fileRef = 228B90AE27A2A56700A37074 /* Localizable.strings */; };
		228EDA3A278F385200D2838A /* SituationistsWalkmanApp.swift in Sources */ = {isa = PBXBuildFile; fileRef = 228EDA39278F385200D2838A /* SituationistsWalkmanApp.swift */; };
		228EDA3C278F385200D2838A /* ContentView.swift in Sources */ = {isa = PBXBuildFile; fileRef = 228EDA3B278F385200D2838A /* ContentView.swift */; };
		228EDA3E278F385600D2838A /* Assets.xcassets in Resources */ = {isa = PBXBuildFile; fileRef = 228EDA3D278F385600D2838A /* Assets.xcassets */; };
		228EDA41278F385600D2838A /* Preview Assets.xcassets in Resources */ = {isa = PBXBuildFile; fileRef = 228EDA40278F385600D2838A /* Preview Assets.xcassets */; };
		228EDA4F278F43AE00D2838A /* ErrorView.swift in Sources */ = {isa = PBXBuildFile; fileRef = 228EDA4E278F43AE00D2838A /* ErrorView.swift */; };
		22BBBE6427A2BB2200A8DA11 /* CreditsView.swift in Sources */ = {isa = PBXBuildFile; fileRef = 22BBBE6327A2BB2200A8DA11 /* CreditsView.swift */; };
		22BBBE6627A2BE0300A8DA11 /* UIHelpers.swift in Sources */ = {isa = PBXBuildFile; fileRef = 22BBBE6527A2BE0300A8DA11 /* UIHelpers.swift */; };
		22BBBE6A27A2D2DE00A8DA11 /* ExperienceOverlayView.swift in Sources */ = {isa = PBXBuildFile; fileRef = 22BBBE6927A2D2DE00A8DA11 /* ExperienceOverlayView.swift */; };
		22D4F50A2790899E00012377 /* IntroView.swift in Sources */ = {isa = PBXBuildFile; fileRef = 22D4F5092790899E00012377 /* IntroView.swift */; };
		22D4F50C27908B7200012377 /* AppState.swift in Sources */ = {isa = PBXBuildFile; fileRef = 22D4F50B27908B7200012377 /* AppState.swift */; };
		22D4F50E27908CFF00012377 /* ExperienceView.swift in Sources */ = {isa = PBXBuildFile; fileRef = 22D4F50D27908CFF00012377 /* ExperienceView.swift */; };
		7255EC3F279EE84300B59670 /* GPXParser.swift in Sources */ = {isa = PBXBuildFile; fileRef = 7255EC3E279EE84300B59670 /* GPXParser.swift */; };
		7255EC46279F011C00B59670 /* speakers.gpx in Resources */ = {isa = PBXBuildFile; fileRef = 7255EC45279F011C00B59670 /* speakers.gpx */; };
		7286F70D27A013960062B674 /* sounds in Resources */ = {isa = PBXBuildFile; fileRef = 7286F70C27A013960062B674 /* sounds */; };
/* End PBXBuildFile section */

/* Begin PBXFileReference section */
		2204BA402795ABA6001BA93F /* Info.plist */ = {isa = PBXFileReference; lastKnownFileType = text.plist; path = Info.plist; sourceTree = "<group>"; };
		2209D63A27980E8E00329FD7 /* ARViewContainer.swift */ = {isa = PBXFileReference; lastKnownFileType = sourcecode.swift; path = ARViewContainer.swift; sourceTree = "<group>"; };
		2209D6422798141E00329FD7 /* SpeakerPHASEPlayer.swift */ = {isa = PBXFileReference; lastKnownFileType = sourcecode.swift; path = SpeakerPHASEPlayer.swift; sourceTree = "<group>"; };
		2209D64727983A3600329FD7 /* Speaker.swift */ = {isa = PBXFileReference; fileEncoding = 4; lastKnownFileType = sourcecode.swift; path = Speaker.swift; sourceTree = "<group>"; };
		2209D64927983A3600329FD7 /* SpeakerVisualiser.swift */ = {isa = PBXFileReference; fileEncoding = 4; lastKnownFileType = sourcecode.swift; path = SpeakerVisualiser.swift; sourceTree = "<group>"; };
		2246D0FA279849F2007EE896 /* SpeakerPlayer.swift */ = {isa = PBXFileReference; lastKnownFileType = sourcecode.swift; path = SpeakerPlayer.swift; sourceTree = "<group>"; };
		2246D0FC27984C57007EE896 /* SpeakerRealityKitPlayer.swift */ = {isa = PBXFileReference; lastKnownFileType = sourcecode.swift; path = SpeakerRealityKitPlayer.swift; sourceTree = "<group>"; };
		228B90AE27A2A56700A37074 /* Localizable.strings */ = {isa = PBXFileReference; lastKnownFileType = text.plist.strings; path = Localizable.strings; sourceTree = "<group>"; };
		228EDA36278F385200D2838A /* SituationistsWalkman.app */ = {isa = PBXFileReference; explicitFileType = wrapper.application; includeInIndex = 0; path = SituationistsWalkman.app; sourceTree = BUILT_PRODUCTS_DIR; };
		228EDA39278F385200D2838A /* SituationistsWalkmanApp.swift */ = {isa = PBXFileReference; lastKnownFileType = sourcecode.swift; path = SituationistsWalkmanApp.swift; sourceTree = "<group>"; };
		228EDA3B278F385200D2838A /* ContentView.swift */ = {isa = PBXFileReference; lastKnownFileType = sourcecode.swift; path = ContentView.swift; sourceTree = "<group>"; };
		228EDA3D278F385600D2838A /* Assets.xcassets */ = {isa = PBXFileReference; lastKnownFileType = folder.assetcatalog; path = Assets.xcassets; sourceTree = "<group>"; };
		228EDA40278F385600D2838A /* Preview Assets.xcassets */ = {isa = PBXFileReference; lastKnownFileType = folder.assetcatalog; path = "Preview Assets.xcassets"; sourceTree = "<group>"; };
		228EDA4E278F43AE00D2838A /* ErrorView.swift */ = {isa = PBXFileReference; lastKnownFileType = sourcecode.swift; path = ErrorView.swift; sourceTree = "<group>"; };
		22BBBE6327A2BB2200A8DA11 /* CreditsView.swift */ = {isa = PBXFileReference; lastKnownFileType = sourcecode.swift; path = CreditsView.swift; sourceTree = "<group>"; };
		22BBBE6527A2BE0300A8DA11 /* UIHelpers.swift */ = {isa = PBXFileReference; lastKnownFileType = sourcecode.swift; path = UIHelpers.swift; sourceTree = "<group>"; };
		22BBBE6927A2D2DE00A8DA11 /* ExperienceOverlayView.swift */ = {isa = PBXFileReference; lastKnownFileType = sourcecode.swift; path = ExperienceOverlayView.swift; sourceTree = "<group>"; };
		22D4F5092790899E00012377 /* IntroView.swift */ = {isa = PBXFileReference; lastKnownFileType = sourcecode.swift; path = IntroView.swift; sourceTree = "<group>"; };
		22D4F50B27908B7200012377 /* AppState.swift */ = {isa = PBXFileReference; lastKnownFileType = sourcecode.swift; path = AppState.swift; sourceTree = "<group>"; };
		22D4F50D27908CFF00012377 /* ExperienceView.swift */ = {isa = PBXFileReference; lastKnownFileType = sourcecode.swift; path = ExperienceView.swift; sourceTree = "<group>"; };
		7255EC3E279EE84300B59670 /* GPXParser.swift */ = {isa = PBXFileReference; lastKnownFileType = sourcecode.swift; path = GPXParser.swift; sourceTree = "<group>"; };
		7255EC45279F011C00B59670 /* speakers.gpx */ = {isa = PBXFileReference; fileEncoding = 4; lastKnownFileType = text.xml; path = speakers.gpx; sourceTree = "<group>"; };
		7286F70C27A013960062B674 /* sounds */ = {isa = PBXFileReference; lastKnownFileType = folder; path = sounds; sourceTree = "<group>"; };
/* End PBXFileReference section */

/* Begin PBXFrameworksBuildPhase section */
		228EDA33278F385200D2838A /* Frameworks */ = {
			isa = PBXFrameworksBuildPhase;
			buildActionMask = 2147483647;
			files = (
			);
			runOnlyForDeploymentPostprocessing = 0;
		};
/* End PBXFrameworksBuildPhase section */

/* Begin PBXGroup section */
		228EDA2D278F385200D2838A = {
			isa = PBXGroup;
			children = (
				228B90AE27A2A56700A37074 /* Localizable.strings */,
				228EDA37278F385200D2838A /* Products */,
				228EDA38278F385200D2838A /* SituationistsWalkman */,
			);
			sourceTree = "<group>";
		};
		228EDA37278F385200D2838A /* Products */ = {
			isa = PBXGroup;
			children = (
				228EDA36278F385200D2838A /* SituationistsWalkman.app */,
			);
			name = Products;
			sourceTree = "<group>";
		};
		228EDA38278F385200D2838A /* SituationistsWalkman */ = {
			isa = PBXGroup;
			children = (
				7286F70C27A013960062B674 /* sounds */,
				7255EC45279F011C00B59670 /* speakers.gpx */,
				2204BA402795ABA6001BA93F /* Info.plist */,
				22D4F50B27908B7200012377 /* AppState.swift */,
				2209D63A27980E8E00329FD7 /* ARViewContainer.swift */,
				228EDA3B278F385200D2838A /* ContentView.swift */,
				22BBBE6327A2BB2200A8DA11 /* CreditsView.swift */,
				228EDA4E278F43AE00D2838A /* ErrorView.swift */,
				22D4F50D27908CFF00012377 /* ExperienceView.swift */,
				7255EC3E279EE84300B59670 /* GPXParser.swift */,
				22D4F5092790899E00012377 /* IntroView.swift */,
				228EDA39278F385200D2838A /* SituationistsWalkmanApp.swift */,
				2209D64727983A3600329FD7 /* Speaker.swift */,
				2209D6422798141E00329FD7 /* SpeakerPHASEPlayer.swift */,
				2246D0FA279849F2007EE896 /* SpeakerPlayer.swift */,
				2246D0FC27984C57007EE896 /* SpeakerRealityKitPlayer.swift */,
				2209D64927983A3600329FD7 /* SpeakerVisualiser.swift */,
				22BBBE6927A2D2DE00A8DA11 /* ExperienceOverlayView.swift */,
				22BBBE6527A2BE0300A8DA11 /* UIHelpers.swift */,
				228EDA3D278F385600D2838A /* Assets.xcassets */,
				228EDA3F278F385600D2838A /* Preview Content */,
			);
			path = SituationistsWalkman;
			sourceTree = "<group>";
		};
		228EDA3F278F385600D2838A /* Preview Content */ = {
			isa = PBXGroup;
			children = (
				228EDA40278F385600D2838A /* Preview Assets.xcassets */,
			);
			path = "Preview Content";
			sourceTree = "<group>";
		};
/* End PBXGroup section */

/* Begin PBXNativeTarget section */
		228EDA35278F385200D2838A /* SituationistsWalkman */ = {
			isa = PBXNativeTarget;
			buildConfigurationList = 228EDA44278F385600D2838A /* Build configuration list for PBXNativeTarget "SituationistsWalkman" */;
			buildPhases = (
				228EDA32278F385200D2838A /* Sources */,
				228EDA33278F385200D2838A /* Frameworks */,
				228EDA34278F385200D2838A /* Resources */,
			);
			buildRules = (
			);
			dependencies = (
			);
			name = SituationistsWalkman;
			productName = SituationistsWalkman;
			productReference = 228EDA36278F385200D2838A /* SituationistsWalkman.app */;
			productType = "com.apple.product-type.application";
		};
/* End PBXNativeTarget section */

/* Begin PBXProject section */
		228EDA2E278F385200D2838A /* Project object */ = {
			isa = PBXProject;
			attributes = {
				BuildIndependentTargetsInParallel = 1;
				LastSwiftUpdateCheck = 1320;
				LastUpgradeCheck = 1320;
				TargetAttributes = {
					228EDA35278F385200D2838A = {
						CreatedOnToolsVersion = 13.2.1;
					};
				};
			};
			buildConfigurationList = 228EDA31278F385200D2838A /* Build configuration list for PBXProject "SituationistsWalkman" */;
			compatibilityVersion = "Xcode 13.0";
			developmentRegion = en;
			hasScannedForEncodings = 0;
			knownRegions = (
				en,
				Base,
			);
			mainGroup = 228EDA2D278F385200D2838A;
			productRefGroup = 228EDA37278F385200D2838A /* Products */;
			projectDirPath = "";
			projectRoot = "";
			targets = (
				228EDA35278F385200D2838A /* SituationistsWalkman */,
			);
		};
/* End PBXProject section */

/* Begin PBXResourcesBuildPhase section */
		228EDA34278F385200D2838A /* Resources */ = {
			isa = PBXResourcesBuildPhase;
			buildActionMask = 2147483647;
			files = (
				228B90AF27A2A56700A37074 /* Localizable.strings in Resources */,
				7255EC46279F011C00B59670 /* speakers.gpx in Resources */,
				228EDA41278F385600D2838A /* Preview Assets.xcassets in Resources */,
				7286F70D27A013960062B674 /* sounds in Resources */,
				228EDA3E278F385600D2838A /* Assets.xcassets in Resources */,
			);
			runOnlyForDeploymentPostprocessing = 0;
		};
/* End PBXResourcesBuildPhase section */

/* Begin PBXSourcesBuildPhase section */
		228EDA32278F385200D2838A /* Sources */ = {
			isa = PBXSourcesBuildPhase;
			buildActionMask = 2147483647;
			files = (
				2246D0FD27984C57007EE896 /* SpeakerRealityKitPlayer.swift in Sources */,
				22BBBE6427A2BB2200A8DA11 /* CreditsView.swift in Sources */,
				7255EC3F279EE84300B59670 /* GPXParser.swift in Sources */,
				22BBBE6A27A2D2DE00A8DA11 /* ExperienceOverlayView.swift in Sources */,
				228EDA4F278F43AE00D2838A /* ErrorView.swift in Sources */,
				228EDA3C278F385200D2838A /* ContentView.swift in Sources */,
				2209D63B27980E8E00329FD7 /* ARViewContainer.swift in Sources */,
				22BBBE6627A2BE0300A8DA11 /* UIHelpers.swift in Sources */,
				22D4F50E27908CFF00012377 /* ExperienceView.swift in Sources */,
				2209D6432798141E00329FD7 /* SpeakerPHASEPlayer.swift in Sources */,
				2246D0FB279849F2007EE896 /* SpeakerPlayer.swift in Sources */,
				2209D64D27983A3600329FD7 /* SpeakerVisualiser.swift in Sources */,
				22D4F50C27908B7200012377 /* AppState.swift in Sources */,
				2209D64B27983A3600329FD7 /* Speaker.swift in Sources */,
				228EDA3A278F385200D2838A /* SituationistsWalkmanApp.swift in Sources */,
				22D4F50A2790899E00012377 /* IntroView.swift in Sources */,
			);
			runOnlyForDeploymentPostprocessing = 0;
		};
/* End PBXSourcesBuildPhase section */

/* Begin XCBuildConfiguration section */
		228EDA42278F385600D2838A /* Debug */ = {
			isa = XCBuildConfiguration;
			buildSettings = {
				ALWAYS_SEARCH_USER_PATHS = NO;
				CLANG_ANALYZER_NONNULL = YES;
				CLANG_ANALYZER_NUMBER_OBJECT_CONVERSION = YES_AGGRESSIVE;
				CLANG_CXX_LANGUAGE_STANDARD = "gnu++17";
				CLANG_CXX_LIBRARY = "libc++";
				CLANG_ENABLE_MODULES = YES;
				CLANG_ENABLE_OBJC_ARC = YES;
				CLANG_ENABLE_OBJC_WEAK = YES;
				CLANG_WARN_BLOCK_CAPTURE_AUTORELEASING = YES;
				CLANG_WARN_BOOL_CONVERSION = YES;
				CLANG_WARN_COMMA = YES;
				CLANG_WARN_CONSTANT_CONVERSION = YES;
				CLANG_WARN_DEPRECATED_OBJC_IMPLEMENTATIONS = YES;
				CLANG_WARN_DIRECT_OBJC_ISA_USAGE = YES_ERROR;
				CLANG_WARN_DOCUMENTATION_COMMENTS = YES;
				CLANG_WARN_EMPTY_BODY = YES;
				CLANG_WARN_ENUM_CONVERSION = YES;
				CLANG_WARN_INFINITE_RECURSION = YES;
				CLANG_WARN_INT_CONVERSION = YES;
				CLANG_WARN_NON_LITERAL_NULL_CONVERSION = YES;
				CLANG_WARN_OBJC_IMPLICIT_RETAIN_SELF = YES;
				CLANG_WARN_OBJC_LITERAL_CONVERSION = YES;
				CLANG_WARN_OBJC_ROOT_CLASS = YES_ERROR;
				CLANG_WARN_QUOTED_INCLUDE_IN_FRAMEWORK_HEADER = YES;
				CLANG_WARN_RANGE_LOOP_ANALYSIS = YES;
				CLANG_WARN_STRICT_PROTOTYPES = YES;
				CLANG_WARN_SUSPICIOUS_MOVE = YES;
				CLANG_WARN_UNGUARDED_AVAILABILITY = YES_AGGRESSIVE;
				CLANG_WARN_UNREACHABLE_CODE = YES;
				CLANG_WARN__DUPLICATE_METHOD_MATCH = YES;
				COPY_PHASE_STRIP = NO;
				DEBUG_INFORMATION_FORMAT = dwarf;
				ENABLE_STRICT_OBJC_MSGSEND = YES;
				ENABLE_TESTABILITY = YES;
				GCC_C_LANGUAGE_STANDARD = gnu11;
				GCC_DYNAMIC_NO_PIC = NO;
				GCC_NO_COMMON_BLOCKS = YES;
				GCC_OPTIMIZATION_LEVEL = 0;
				GCC_PREPROCESSOR_DEFINITIONS = (
					"DEBUG=1",
					"$(inherited)",
				);
				GCC_WARN_64_TO_32_BIT_CONVERSION = YES;
				GCC_WARN_ABOUT_RETURN_TYPE = YES_ERROR;
				GCC_WARN_UNDECLARED_SELECTOR = YES;
				GCC_WARN_UNINITIALIZED_AUTOS = YES_AGGRESSIVE;
				GCC_WARN_UNUSED_FUNCTION = YES;
				GCC_WARN_UNUSED_VARIABLE = YES;
				IPHONEOS_DEPLOYMENT_TARGET = 15.1;
				MTL_ENABLE_DEBUG_INFO = INCLUDE_SOURCE;
				MTL_FAST_MATH = YES;
				ONLY_ACTIVE_ARCH = YES;
				SDKROOT = iphoneos;
				SWIFT_ACTIVE_COMPILATION_CONDITIONS = DEBUG;
				SWIFT_OPTIMIZATION_LEVEL = "-Onone";
			};
			name = Debug;
		};
		228EDA43278F385600D2838A /* Release */ = {
			isa = XCBuildConfiguration;
			buildSettings = {
				ALWAYS_SEARCH_USER_PATHS = NO;
				CLANG_ANALYZER_NONNULL = YES;
				CLANG_ANALYZER_NUMBER_OBJECT_CONVERSION = YES_AGGRESSIVE;
				CLANG_CXX_LANGUAGE_STANDARD = "gnu++17";
				CLANG_CXX_LIBRARY = "libc++";
				CLANG_ENABLE_MODULES = YES;
				CLANG_ENABLE_OBJC_ARC = YES;
				CLANG_ENABLE_OBJC_WEAK = YES;
				CLANG_WARN_BLOCK_CAPTURE_AUTORELEASING = YES;
				CLANG_WARN_BOOL_CONVERSION = YES;
				CLANG_WARN_COMMA = YES;
				CLANG_WARN_CONSTANT_CONVERSION = YES;
				CLANG_WARN_DEPRECATED_OBJC_IMPLEMENTATIONS = YES;
				CLANG_WARN_DIRECT_OBJC_ISA_USAGE = YES_ERROR;
				CLANG_WARN_DOCUMENTATION_COMMENTS = YES;
				CLANG_WARN_EMPTY_BODY = YES;
				CLANG_WARN_ENUM_CONVERSION = YES;
				CLANG_WARN_INFINITE_RECURSION = YES;
				CLANG_WARN_INT_CONVERSION = YES;
				CLANG_WARN_NON_LITERAL_NULL_CONVERSION = YES;
				CLANG_WARN_OBJC_IMPLICIT_RETAIN_SELF = YES;
				CLANG_WARN_OBJC_LITERAL_CONVERSION = YES;
				CLANG_WARN_OBJC_ROOT_CLASS = YES_ERROR;
				CLANG_WARN_QUOTED_INCLUDE_IN_FRAMEWORK_HEADER = YES;
				CLANG_WARN_RANGE_LOOP_ANALYSIS = YES;
				CLANG_WARN_STRICT_PROTOTYPES = YES;
				CLANG_WARN_SUSPICIOUS_MOVE = YES;
				CLANG_WARN_UNGUARDED_AVAILABILITY = YES_AGGRESSIVE;
				CLANG_WARN_UNREACHABLE_CODE = YES;
				CLANG_WARN__DUPLICATE_METHOD_MATCH = YES;
				COPY_PHASE_STRIP = NO;
				DEBUG_INFORMATION_FORMAT = "dwarf-with-dsym";
				ENABLE_NS_ASSERTIONS = NO;
				ENABLE_STRICT_OBJC_MSGSEND = YES;
				GCC_C_LANGUAGE_STANDARD = gnu11;
				GCC_NO_COMMON_BLOCKS = YES;
				GCC_WARN_64_TO_32_BIT_CONVERSION = YES;
				GCC_WARN_ABOUT_RETURN_TYPE = YES_ERROR;
				GCC_WARN_UNDECLARED_SELECTOR = YES;
				GCC_WARN_UNINITIALIZED_AUTOS = YES_AGGRESSIVE;
				GCC_WARN_UNUSED_FUNCTION = YES;
				GCC_WARN_UNUSED_VARIABLE = YES;
				IPHONEOS_DEPLOYMENT_TARGET = 15.1;
				MTL_ENABLE_DEBUG_INFO = NO;
				MTL_FAST_MATH = YES;
				SDKROOT = iphoneos;
				SWIFT_COMPILATION_MODE = wholemodule;
				SWIFT_OPTIMIZATION_LEVEL = "-O";
				VALIDATE_PRODUCT = YES;
			};
			name = Release;
		};
		228EDA45278F385600D2838A /* Debug */ = {
			isa = XCBuildConfiguration;
			buildSettings = {
				ASSETCATALOG_COMPILER_APPICON_NAME = AppIcon;
				ASSETCATALOG_COMPILER_GLOBAL_ACCENT_COLOR_NAME = AccentColor;
				CODE_SIGN_STYLE = Automatic;
				CURRENT_PROJECT_VERSION = 1;
				DEVELOPMENT_ASSET_PATHS = "\"SituationistsWalkman/Preview Content\"";
				DEVELOPMENT_TEAM = 4QU8NPQ536;
				ENABLE_PREVIEWS = YES;
				GENERATE_INFOPLIST_FILE = YES;
				INFOPLIST_FILE = SituationistsWalkman/Info.plist;
				INFOPLIST_KEY_NSCameraUsageDescription = "We need access to your camera to locate you within the experience. Is this ok?";
				INFOPLIST_KEY_NSLocationWhenInUseUsageDescription = "We need access to your location for this experience to work, is this ok?";
				INFOPLIST_KEY_NSMotionUsageDescription = "We need access to your device motion data to locate you within the experience";
				INFOPLIST_KEY_UIApplicationSceneManifest_Generation = YES;
				INFOPLIST_KEY_UIApplicationSupportsIndirectInputEvents = YES;
				INFOPLIST_KEY_UILaunchScreen_Generation = YES;
				INFOPLIST_KEY_UISupportedInterfaceOrientations = UIInterfaceOrientationLandscapeLeft;
				INFOPLIST_KEY_UISupportedInterfaceOrientations_iPad = "UIInterfaceOrientationPortrait UIInterfaceOrientationPortraitUpsideDown UIInterfaceOrientationLandscapeLeft UIInterfaceOrientationLandscapeRight";
				INFOPLIST_KEY_UISupportedInterfaceOrientations_iPhone = "UIInterfaceOrientationPortrait UIInterfaceOrientationLandscapeLeft UIInterfaceOrientationLandscapeRight";
				INFOPLIST_KEY_UIUserInterfaceStyle = Dark;
				IPHONEOS_DEPLOYMENT_TARGET = 15.0;
				LD_RUNPATH_SEARCH_PATHS = (
					"$(inherited)",
					"@executable_path/Frameworks",
				);
				MARKETING_VERSION = 1.0;
				PRODUCT_BUNDLE_IDENTIFIER = org.cenatus.SituationistsWalkman;
				PRODUCT_NAME = "$(TARGET_NAME)";
				SWIFT_EMIT_LOC_STRINGS = YES;
				SWIFT_VERSION = 5.0;
				TARGETED_DEVICE_FAMILY = "1,2";
			};
			name = Debug;
		};
		228EDA46278F385600D2838A /* Release */ = {
			isa = XCBuildConfiguration;
			buildSettings = {
				ASSETCATALOG_COMPILER_APPICON_NAME = AppIcon;
				ASSETCATALOG_COMPILER_GLOBAL_ACCENT_COLOR_NAME = AccentColor;
				CODE_SIGN_STYLE = Automatic;
				CURRENT_PROJECT_VERSION = 1;
				DEVELOPMENT_ASSET_PATHS = "\"SituationistsWalkman/Preview Content\"";
				DEVELOPMENT_TEAM = 4QU8NPQ536;
				ENABLE_PREVIEWS = YES;
				GENERATE_INFOPLIST_FILE = YES;
				INFOPLIST_FILE = SituationistsWalkman/Info.plist;
				INFOPLIST_KEY_NSCameraUsageDescription = "We need access to your camera to locate you within the experience. Is this ok?";
				INFOPLIST_KEY_NSLocationWhenInUseUsageDescription = "We need access to your location for this experience to work, is this ok?";
				INFOPLIST_KEY_NSMotionUsageDescription = "We need access to your device motion data to locate you within the experience";
				INFOPLIST_KEY_UIApplicationSceneManifest_Generation = YES;
				INFOPLIST_KEY_UIApplicationSupportsIndirectInputEvents = YES;
				INFOPLIST_KEY_UILaunchScreen_Generation = YES;
				INFOPLIST_KEY_UISupportedInterfaceOrientations = UIInterfaceOrientationLandscapeLeft;
				INFOPLIST_KEY_UISupportedInterfaceOrientations_iPad = "UIInterfaceOrientationPortrait UIInterfaceOrientationPortraitUpsideDown UIInterfaceOrientationLandscapeLeft UIInterfaceOrientationLandscapeRight";
				INFOPLIST_KEY_UISupportedInterfaceOrientations_iPhone = "UIInterfaceOrientationPortrait UIInterfaceOrientationLandscapeLeft UIInterfaceOrientationLandscapeRight";
				INFOPLIST_KEY_UIUserInterfaceStyle = Dark;
				IPHONEOS_DEPLOYMENT_TARGET = 15.0;
				LD_RUNPATH_SEARCH_PATHS = (
					"$(inherited)",
					"@executable_path/Frameworks",
				);
				MARKETING_VERSION = 1.0;
				PRODUCT_BUNDLE_IDENTIFIER = org.cenatus.SituationistsWalkman;
				PRODUCT_NAME = "$(TARGET_NAME)";
				SWIFT_EMIT_LOC_STRINGS = YES;
				SWIFT_VERSION = 5.0;
				TARGETED_DEVICE_FAMILY = "1,2";
			};
			name = Release;
		};
/* End XCBuildConfiguration section */

/* Begin XCConfigurationList section */
		228EDA31278F385200D2838A /* Build configuration list for PBXProject "SituationistsWalkman" */ = {
			isa = XCConfigurationList;
			buildConfigurations = (
				228EDA42278F385600D2838A /* Debug */,
				228EDA43278F385600D2838A /* Release */,
			);
			defaultConfigurationIsVisible = 0;
			defaultConfigurationName = Release;
		};
		228EDA44278F385600D2838A /* Build configuration list for PBXNativeTarget "SituationistsWalkman" */ = {
			isa = XCConfigurationList;
			buildConfigurations = (
				228EDA45278F385600D2838A /* Debug */,
				228EDA46278F385600D2838A /* Release */,
			);
			defaultConfigurationIsVisible = 0;
			defaultConfigurationName = Release;
		};
/* End XCConfigurationList section */
	};
	rootObject = 228EDA2E278F385200D2838A /* Project object */;
}
